
Microsoft Visual Studio Solution File, Format Version 12.00
# Visual Studio 15
VisualStudioVersion = 15.0.27004.2006
MinimumVisualStudioVersion = 10.0.40219.1
Project("{8BC9CEB8-8B4A-11D0-8D11-00A0C91BC942}") = "RandomSentenceGenerator", "RandomSentenceGenerator\RandomSentenceGenerator.vcxproj", "{BA10D33E-BC97-4A18-A9E4-60482B2EC0FC}"
EndProject
Global
	GlobalSection(SolutionConfigurationPlatforms) = preSolution
		Debug|x64 = Debug|x64
		Debug|x86 = Debug|x86
		Release|x64 = Release|x64
		Release|x86 = Release|x86
	EndGlobalSection
	GlobalSection(ProjectConfigurationPlatforms) = postSolution
		{BA10D33E-BC97-4A18-A9E4-60482B2EC0FC}.Debug|x64.ActiveCfg = Debug|x64
		{BA10D33E-BC97-4A18-A9E4-60482B2EC0FC}.Debug|x64.Build.0 = Debug|x64
		{BA10D33E-BC97-4A18-A9E4-60482B2EC0FC}.Debug|x86.ActiveCfg = Debug|Win32
		{BA10D33E-BC97-4A18-A9E4-60482B2EC0FC}.Debug|x86.Build.0 = Debug|Win32
		{BA10D33E-BC97-4A18-A9E4-60482B2EC0FC}.Release|x64.ActiveCfg = Release|x64
		{BA10D33E-BC97-4A18-A9E4-60482B2EC0FC}.Release|x64.Build.0 = Release|x64
		{BA10D33E-BC97-4A18-A9E4-60482B2EC0FC}.Release|x86.ActiveCfg = Release|Win32
		{BA10D33E-BC97-4A18-A9E4-60482B2EC0FC}.Release|x86.Build.0 = Release|Win32
	EndGlobalSection
	GlobalSection(SolutionProperties) = preSolution
		HideSolutionNode = FALSE
	EndGlobalSection
	GlobalSection(ExtensibilityGlobals) = postSolution
		SolutionGuid = {0A56E6B7-26D5-4B47-8553-756A4F3800D7}
	EndGlobalSection
EndGlobal
